
Microsoft Visual Studio Solution File, Format Version 12.00
# Visual Studio Version 16
VisualStudioVersion = 16.0.30717.126
MinimumVisualStudioVersion = 10.0.40219.1
Project("{9A19103F-16F7-4668-BE54-9A1E7A4F7556}") = "DietMealApp.WebClient", "DietMealApp\DietMealApp.WebClient.csproj", "{8BE357B7-4670-4F90-978D-D04E36C328A8}"
	ProjectSection(ProjectDependencies) = postProject
		{90F6A671-1635-4AB2-983F-E87016F7BD81} = {90F6A671-1635-4AB2-983F-E87016F7BD81}
	EndProjectSection
EndProject
Project("{9A19103F-16F7-4668-BE54-9A1E7A4F7556}") = "DietMealApp.Core", "DietMealApp.Core\DietMealApp.Core.csproj", "{2832C578-3EA4-477F-B7F9-779B989ACF0A}"
EndProject
Project("{9A19103F-16F7-4668-BE54-9A1E7A4F7556}") = "DietMealApp.DataAccessLayer", "DietMealApp.DataAccessLayer\DietMealApp.DataAccessLayer.csproj", "{F43416C6-785A-46BF-9D1A-1F4C3C740927}"
EndProject
Project("{9A19103F-16F7-4668-BE54-9A1E7A4F7556}") = "DietMealApp.Application", "DietMealApp.Application\DietMealApp.Application.csproj", "{90F6A671-1635-4AB2-983F-E87016F7BD81}"
EndProject
Project("{2150E333-8FDC-42A3-9474-1A3956D46DE8}") = "src", "src", "{3CC1A0D4-7756-4FBB-958E-97D9F69B251B}"
EndProject
Project("{2150E333-8FDC-42A3-9474-1A3956D46DE8}") = "tests", "tests", "{C200413D-AF9E-489B-BAD4-D79DFC51F0CE}"
EndProject
Project("{9A19103F-16F7-4668-BE54-9A1E7A4F7556}") = "DietMealApp.UnitTests", "DietMealApp.UnitTests\DietMealApp.UnitTests.csproj", "{42EBC0ED-08C8-4047-9952-544C3B3593FF}"
EndProject
Global
	GlobalSection(SolutionConfigurationPlatforms) = preSolution
		Debug|Any CPU = Debug|Any CPU
		Release|Any CPU = Release|Any CPU
	EndGlobalSection
	GlobalSection(ProjectConfigurationPlatforms) = postSolution
		{8BE357B7-4670-4F90-978D-D04E36C328A8}.Debug|Any CPU.ActiveCfg = Debug|Any CPU
		{8BE357B7-4670-4F90-978D-D04E36C328A8}.Debug|Any CPU.Build.0 = Debug|Any CPU
		{8BE357B7-4670-4F90-978D-D04E36C328A8}.Release|Any CPU.ActiveCfg = Release|Any CPU
		{8BE357B7-4670-4F90-978D-D04E36C328A8}.Release|Any CPU.Build.0 = Release|Any CPU
		{2832C578-3EA4-477F-B7F9-779B989ACF0A}.Debug|Any CPU.ActiveCfg = Debug|Any CPU
		{2832C578-3EA4-477F-B7F9-779B989ACF0A}.Debug|Any CPU.Build.0 = Debug|Any CPU
		{2832C578-3EA4-477F-B7F9-779B989ACF0A}.Release|Any CPU.ActiveCfg = Release|Any CPU
		{2832C578-3EA4-477F-B7F9-779B989ACF0A}.Release|Any CPU.Build.0 = Release|Any CPU
		{F43416C6-785A-46BF-9D1A-1F4C3C740927}.Debug|Any CPU.ActiveCfg = Debug|Any CPU
		{F43416C6-785A-46BF-9D1A-1F4C3C740927}.Debug|Any CPU.Build.0 = Debug|Any CPU
		{F43416C6-785A-46BF-9D1A-1F4C3C740927}.Release|Any CPU.ActiveCfg = Release|Any CPU
		{F43416C6-785A-46BF-9D1A-1F4C3C740927}.Release|Any CPU.Build.0 = Release|Any CPU
		{90F6A671-1635-4AB2-983F-E87016F7BD81}.Debug|Any CPU.ActiveCfg = Debug|Any CPU
		{90F6A671-1635-4AB2-983F-E87016F7BD81}.Debug|Any CPU.Build.0 = Debug|Any CPU
		{90F6A671-1635-4AB2-983F-E87016F7BD81}.Release|Any CPU.ActiveCfg = Release|Any CPU
		{90F6A671-1635-4AB2-983F-E87016F7BD81}.Release|Any CPU.Build.0 = Release|Any CPU
		{42EBC0ED-08C8-4047-9952-544C3B3593FF}.Debug|Any CPU.ActiveCfg = Debug|Any CPU
		{42EBC0ED-08C8-4047-9952-544C3B3593FF}.Debug|Any CPU.Build.0 = Debug|Any CPU
		{42EBC0ED-08C8-4047-9952-544C3B3593FF}.Release|Any CPU.ActiveCfg = Release|Any CPU
		{42EBC0ED-08C8-4047-9952-544C3B3593FF}.Release|Any CPU.Build.0 = Release|Any CPU
	EndGlobalSection
	GlobalSection(SolutionProperties) = preSolution
		HideSolutionNode = FALSE
	EndGlobalSection
	GlobalSection(NestedProjects) = preSolution
		{8BE357B7-4670-4F90-978D-D04E36C328A8} = {3CC1A0D4-7756-4FBB-958E-97D9F69B251B}
		{2832C578-3EA4-477F-B7F9-779B989ACF0A} = {3CC1A0D4-7756-4FBB-958E-97D9F69B251B}
		{F43416C6-785A-46BF-9D1A-1F4C3C740927} = {3CC1A0D4-7756-4FBB-958E-97D9F69B251B}
		{90F6A671-1635-4AB2-983F-E87016F7BD81} = {3CC1A0D4-7756-4FBB-958E-97D9F69B251B}
		{42EBC0ED-08C8-4047-9952-544C3B3593FF} = {C200413D-AF9E-489B-BAD4-D79DFC51F0CE}
	EndGlobalSection
	GlobalSection(ExtensibilityGlobals) = postSolution
		SolutionGuid = {CDE6332F-CFE9-49CF-906E-B287353A2BCF}
	EndGlobalSection
EndGlobal
